
Microsoft Visual Studio Solution File, Format Version 12.00
# Visual Studio Version 17
VisualStudioVersion = 17.11.35303.130
MinimumVisualStudioVersion = 10.0.40219.1
Project("{FAE04EC0-301F-11D3-BF4B-00C04F79EFBC}") = "Es4", "Es4\Es4.csproj", "{37567BC6-8DB6-4C17-842F-A28D7BBC98BF}"
EndProject
Global
	GlobalSection(SolutionConfigurationPlatforms) = preSolution
		Debug|Any CPU = Debug|Any CPU
		Release|Any CPU = Release|Any CPU
	EndGlobalSection
	GlobalSection(ProjectConfigurationPlatforms) = postSolution
		{37567BC6-8DB6-4C17-842F-A28D7BBC98BF}.Debug|Any CPU.ActiveCfg = Debug|Any CPU
		{37567BC6-8DB6-4C17-842F-A28D7BBC98BF}.Debug|Any CPU.Build.0 = Debug|Any CPU
		{37567BC6-8DB6-4C17-842F-A28D7BBC98BF}.Release|Any CPU.ActiveCfg = Release|Any CPU
		{37567BC6-8DB6-4C17-842F-A28D7BBC98BF}.Release|Any CPU.Build.0 = Release|Any CPU
	EndGlobalSection
	GlobalSection(SolutionProperties) = preSolution
		HideSolutionNode = FALSE
	EndGlobalSection
	GlobalSection(ExtensibilityGlobals) = postSolution
		SolutionGuid = {BCB0575C-2893-4E3D-91CF-7423A0D790B1}
	EndGlobalSection
EndGlobal
